
Microsoft Visual Studio Solution File, Format Version 12.00
# Visual Studio Version 17
VisualStudioVersion = 17.11.35208.52
MinimumVisualStudioVersion = 10.0.40219.1
Project("{FAE04EC0-301F-11D3-BF4B-00C04F79EFBC}") = "quanliphongtro", "quanliphongtro.csproj", "{CF7F7CFB-86FC-4A10-92C1-F490773ED145}"
EndProject
Global
	GlobalSection(SolutionConfigurationPlatforms) = preSolution
		Debug|Any CPU = Debug|Any CPU
		Release|Any CPU = Release|Any CPU
	EndGlobalSection
	GlobalSection(ProjectConfigurationPlatforms) = postSolution
		{CF7F7CFB-86FC-4A10-92C1-F490773ED145}.Debug|Any CPU.ActiveCfg = Debug|Any CPU
		{CF7F7CFB-86FC-4A10-92C1-F490773ED145}.Debug|Any CPU.Build.0 = Debug|Any CPU
		{CF7F7CFB-86FC-4A10-92C1-F490773ED145}.Release|Any CPU.ActiveCfg = Release|Any CPU
		{CF7F7CFB-86FC-4A10-92C1-F490773ED145}.Release|Any CPU.Build.0 = Release|Any CPU
	EndGlobalSection
	GlobalSection(SolutionProperties) = preSolution
		HideSolutionNode = FALSE
	EndGlobalSection
	GlobalSection(ExtensibilityGlobals) = postSolution
		SolutionGuid = {F6591A49-ACE7-425F-8160-C330536006CC}
	EndGlobalSection
EndGlobal
